# This file is automatically @generated by Poetry 1.5.1 and should not be changed by hand.

[[package]]
name = "black"
version = "23.3.0"
description = "The uncompromising code formatter."
optional = false
python-versions = ">=3.7"
files = [
    {file = "black-23.3.0-cp310-cp310-macosx_10_16_arm64.whl", hash = "sha256:0945e13506be58bf7db93ee5853243eb368ace1c08a24c65ce108986eac65915"},
    {file = "black-23.3.0-cp310-cp310-macosx_10_16_universal2.whl", hash = "sha256:67de8d0c209eb5b330cce2469503de11bca4085880d62f1628bd9972cc3366b9"},
    {file = "black-23.3.0-cp310-cp310-macosx_10_16_x86_64.whl", hash = "sha256:7c3eb7cea23904399866c55826b31c1f55bbcd3890ce22ff70466b907b6775c2"},
    {file = "black-23.3.0-cp310-cp310-manylinux_2_17_x86_64.manylinux2014_x86_64.whl", hash = "sha256:32daa9783106c28815d05b724238e30718f34155653d4d6e125dc7daec8e260c"},
    {file = "black-23.3.0-cp310-cp310-win_amd64.whl", hash = "sha256:35d1381d7a22cc5b2be2f72c7dfdae4072a3336060635718cc7e1ede24221d6c"},
    {file = "black-23.3.0-cp311-cp311-macosx_10_16_arm64.whl", hash = "sha256:a8a968125d0a6a404842fa1bf0b349a568634f856aa08ffaff40ae0dfa52e7c6"},
    {file = "black-23.3.0-cp311-cp311-macosx_10_16_universal2.whl", hash = "sha256:c7ab5790333c448903c4b721b59c0d80b11fe5e9803d8703e84dcb8da56fec1b"},
    {file = "black-23.3.0-cp311-cp311-macosx_10_16_x86_64.whl", hash = "sha256:a6f6886c9869d4daae2d1715ce34a19bbc4b95006d20ed785ca00fa03cba312d"},
    {file = "black-23.3.0-cp311-cp311-manylinux_2_17_x86_64.manylinux2014_x86_64.whl", hash = "sha256:6f3c333ea1dd6771b2d3777482429864f8e258899f6ff05826c3a4fcc5ce3f70"},
    {file = "black-23.3.0-cp311-cp311-win_amd64.whl", hash = "sha256:11c410f71b876f961d1de77b9699ad19f939094c3a677323f43d7a29855fe326"},
    {file = "black-23.3.0-cp37-cp37m-macosx_10_16_x86_64.whl", hash = "sha256:1d06691f1eb8de91cd1b322f21e3bfc9efe0c7ca1f0e1eb1db44ea367dff656b"},
    {file = "black-23.3.0-cp37-cp37m-manylinux_2_17_x86_64.manylinux2014_x86_64.whl", hash = "sha256:50cb33cac881766a5cd9913e10ff75b1e8eb71babf4c7104f2e9c52da1fb7de2"},
    {file = "black-23.3.0-cp37-cp37m-win_amd64.whl", hash = "sha256:e114420bf26b90d4b9daa597351337762b63039752bdf72bf361364c1aa05925"},
    {file = "black-23.3.0-cp38-cp38-macosx_10_16_arm64.whl", hash = "sha256:48f9d345675bb7fbc3dd85821b12487e1b9a75242028adad0333ce36ed2a6d27"},
    {file = "black-23.3.0-cp38-cp38-macosx_10_16_universal2.whl", hash = "sha256:714290490c18fb0126baa0fca0a54ee795f7502b44177e1ce7624ba1c00f2331"},
    {file = "black-23.3.0-cp38-cp38-macosx_10_16_x86_64.whl", hash = "sha256:064101748afa12ad2291c2b91c960be28b817c0c7eaa35bec09cc63aa56493c5"},
    {file = "black-23.3.0-cp38-cp38-manylinux_2_17_x86_64.manylinux2014_x86_64.whl", hash = "sha256:562bd3a70495facf56814293149e51aa1be9931567474993c7942ff7d3533961"},
    {file = "black-23.3.0-cp38-cp38-win_amd64.whl", hash = "sha256:e198cf27888ad6f4ff331ca1c48ffc038848ea9f031a3b40ba36aced7e22f2c8"},
    {file = "black-23.3.0-cp39-cp39-macosx_10_16_arm64.whl", hash = "sha256:3238f2aacf827d18d26db07524e44741233ae09a584273aa059066d644ca7b30"},
    {file = "black-23.3.0-cp39-cp39-macosx_10_16_universal2.whl", hash = "sha256:f0bd2f4a58d6666500542b26354978218a9babcdc972722f4bf90779524515f3"},
    {file = "black-23.3.0-cp39-cp39-macosx_10_16_x86_64.whl", hash = "sha256:92c543f6854c28a3c7f39f4d9b7694f9a6eb9d3c5e2ece488c327b6e7ea9b266"},
    {file = "black-23.3.0-cp39-cp39-manylinux_2_17_x86_64.manylinux2014_x86_64.whl", hash = "sha256:3a150542a204124ed00683f0db1f5cf1c2aaaa9cc3495b7a3b5976fb136090ab"},
    {file = "black-23.3.0-cp39-cp39-win_amd64.whl", hash = "sha256:6b39abdfb402002b8a7d030ccc85cf5afff64ee90fa4c5aebc531e3ad0175ddb"},
    {file = "black-23.3.0-py3-none-any.whl", hash = "sha256:ec751418022185b0c1bb7d7736e6933d40bbb14c14a0abcf9123d1b159f98dd4"},
    {file = "black-23.3.0.tar.gz", hash = "sha256:1c7b8d606e728a41ea1ccbd7264677e494e87cf630e399262ced92d4a8dac940"},
]

[package.dependencies]
click = ">=8.0.0"
mypy-extensions = ">=0.4.3"
packaging = ">=22.0"
pathspec = ">=0.9.0"
platformdirs = ">=2"
tomli = {version = ">=1.1.0", markers = "python_version < \"3.11\""}
typing-extensions = {version = ">=3.10.0.0", markers = "python_version < \"3.10\""}

[package.extras]
colorama = ["colorama (>=0.4.3)"]
d = ["aiohttp (>=3.7.4)"]
jupyter = ["ipython (>=7.8.0)", "tokenize-rt (>=3.2.0)"]
uvloop = ["uvloop (>=0.15.2)"]

[[package]]
name = "click"
version = "8.1.3"
description = "Composable command line interface toolkit"
optional = false
python-versions = ">=3.7"
files = [
    {file = "click-8.1.3-py3-none-any.whl", hash = "sha256:bb4d8133cb15a609f44e8213d9b391b0809795062913b383c62be0ee95b1db48"},
    {file = "click-8.1.3.tar.gz", hash = "sha256:7682dc8afb30297001674575ea00d1814d808d6a36af415a82bd481d37ba7b8e"},
]

[package.dependencies]
colorama = {version = "*", markers = "platform_system == \"Windows\""}

[[package]]
name = "colorama"
version = "0.4.6"
description = "Cross-platform colored terminal text."
optional = false
python-versions = "!=3.0.*,!=3.1.*,!=3.2.*,!=3.3.*,!=3.4.*,!=3.5.*,!=3.6.*,>=2.7"
files = [
    {file = "colorama-0.4.6-py2.py3-none-any.whl", hash = "sha256:4f1d9991f5acc0ca119f9d443620b77f9d6b33703e51011c16baf57afb285fc6"},
    {file = "colorama-0.4.6.tar.gz", hash = "sha256:08695f5cb7ed6e0531a20572697297273c47b8cae5a63ffc6d6ed5c201be6e44"},
]

[[package]]
name = "exceptiongroup"
version = "1.1.1"
description = "Backport of PEP 654 (exception groups)"
optional = false
python-versions = ">=3.7"
files = [
    {file = "exceptiongroup-1.1.1-py3-none-any.whl", hash = "sha256:232c37c63e4f682982c8b6459f33a8981039e5fb8756b2074364e5055c498c9e"},
    {file = "exceptiongroup-1.1.1.tar.gz", hash = "sha256:d484c3090ba2889ae2928419117447a14daf3c1231d5e30d0aae34f354f01785"},
]

[package.extras]
test = ["pytest (>=6)"]

[[package]]
name = "iniconfig"
version = "2.0.0"
description = "brain-dead simple config-ini parsing"
optional = false
python-versions = ">=3.7"
files = [
    {file = "iniconfig-2.0.0-py3-none-any.whl", hash = "sha256:b6a85871a79d2e3b22d2d1b94ac2824226a63c6b741c88f7ae975f18b6778374"},
    {file = "iniconfig-2.0.0.tar.gz", hash = "sha256:2d91e135bf72d31a410b17c16da610a82cb55f6b0477d1a902134b24a455b8b3"},
]

[[package]]
name = "mypy"
version = "1.3.0"
description = "Optional static typing for Python"
optional = false
python-versions = ">=3.7"
files = [
    {file = "mypy-1.3.0-cp310-cp310-macosx_10_9_x86_64.whl", hash = "sha256:c1eb485cea53f4f5284e5baf92902cd0088b24984f4209e25981cc359d64448d"},
    {file = "mypy-1.3.0-cp310-cp310-macosx_11_0_arm64.whl", hash = "sha256:4c99c3ecf223cf2952638da9cd82793d8f3c0c5fa8b6ae2b2d9ed1e1ff51ba85"},
    {file = "mypy-1.3.0-cp310-cp310-manylinux_2_17_x86_64.manylinux2014_x86_64.whl", hash = "sha256:550a8b3a19bb6589679a7c3c31f64312e7ff482a816c96e0cecec9ad3a7564dd"},
    {file = "mypy-1.3.0-cp310-cp310-musllinux_1_1_x86_64.whl", hash = "sha256:cbc07246253b9e3d7d74c9ff948cd0fd7a71afcc2b77c7f0a59c26e9395cb152"},
    {file = "mypy-1.3.0-cp310-cp310-win_amd64.whl", hash = "sha256:a22435632710a4fcf8acf86cbd0d69f68ac389a3892cb23fbad176d1cddaf228"},
    {file = "mypy-1.3.0-cp311-cp311-macosx_10_9_x86_64.whl", hash = "sha256:6e33bb8b2613614a33dff70565f4c803f889ebd2f859466e42b46e1df76018dd"},
    {file = "mypy-1.3.0-cp311-cp311-macosx_11_0_arm64.whl", hash = "sha256:7d23370d2a6b7a71dc65d1266f9a34e4cde9e8e21511322415db4b26f46f6b8c"},
    {file = "mypy-1.3.0-cp311-cp311-manylinux_2_17_x86_64.manylinux2014_x86_64.whl", hash = "sha256:658fe7b674769a0770d4b26cb4d6f005e88a442fe82446f020be8e5f5efb2fae"},
    {file = "mypy-1.3.0-cp311-cp311-musllinux_1_1_x86_64.whl", hash = "sha256:6e42d29e324cdda61daaec2336c42512e59c7c375340bd202efa1fe0f7b8f8ca"},
    {file = "mypy-1.3.0-cp311-cp311-win_amd64.whl", hash = "sha256:d0b6c62206e04061e27009481cb0ec966f7d6172b5b936f3ead3d74f29fe3dcf"},
    {file = "mypy-1.3.0-cp37-cp37m-macosx_10_9_x86_64.whl", hash = "sha256:76ec771e2342f1b558c36d49900dfe81d140361dd0d2df6cd71b3db1be155409"},
    {file = "mypy-1.3.0-cp37-cp37m-manylinux_2_17_x86_64.manylinux2014_x86_64.whl", hash = "sha256:ebc95f8386314272bbc817026f8ce8f4f0d2ef7ae44f947c4664efac9adec929"},
    {file = "mypy-1.3.0-cp37-cp37m-musllinux_1_1_x86_64.whl", hash = "sha256:faff86aa10c1aa4a10e1a301de160f3d8fc8703b88c7e98de46b531ff1276a9a"},
    {file = "mypy-1.3.0-cp37-cp37m-win_amd64.whl", hash = "sha256:8c5979d0deb27e0f4479bee18ea0f83732a893e81b78e62e2dda3e7e518c92ee"},
    {file = "mypy-1.3.0-cp38-cp38-macosx_10_9_x86_64.whl", hash = "sha256:c5d2cc54175bab47011b09688b418db71403aefad07cbcd62d44010543fc143f"},
    {file = "mypy-1.3.0-cp38-cp38-macosx_11_0_arm64.whl", hash = "sha256:87df44954c31d86df96c8bd6e80dfcd773473e877ac6176a8e29898bfb3501cb"},
    {file = "mypy-1.3.0-cp38-cp38-manylinux_2_17_x86_64.manylinux2014_x86_64.whl", hash = "sha256:473117e310febe632ddf10e745a355714e771ffe534f06db40702775056614c4"},
    {file = "mypy-1.3.0-cp38-cp38-musllinux_1_1_x86_64.whl", hash = "sha256:74bc9b6e0e79808bf8678d7678b2ae3736ea72d56eede3820bd3849823e7f305"},
    {file = "mypy-1.3.0-cp38-cp38-win_amd64.whl", hash = "sha256:44797d031a41516fcf5cbfa652265bb994e53e51994c1bd649ffcd0c3a7eccbf"},
    {file = "mypy-1.3.0-cp39-cp39-macosx_10_9_x86_64.whl", hash = "sha256:ddae0f39ca146972ff6bb4399f3b2943884a774b8771ea0a8f50e971f5ea5ba8"},
    {file = "mypy-1.3.0-cp39-cp39-macosx_11_0_arm64.whl", hash = "sha256:1c4c42c60a8103ead4c1c060ac3cdd3ff01e18fddce6f1016e08939647a0e703"},
    {file = "mypy-1.3.0-cp39-cp39-manylinux_2_17_x86_64.manylinux2014_x86_64.whl", hash = "sha256:e86c2c6852f62f8f2b24cb7a613ebe8e0c7dc1402c61d36a609174f63e0ff017"},
    {file = "mypy-1.3.0-cp39-cp39-musllinux_1_1_x86_64.whl", hash = "sha256:f9dca1e257d4cc129517779226753dbefb4f2266c4eaad610fc15c6a7e14283e"},
    {file = "mypy-1.3.0-cp39-cp39-win_amd64.whl", hash = "sha256:95d8d31a7713510685b05fbb18d6ac287a56c8f6554d88c19e73f724a445448a"},
    {file = "mypy-1.3.0-py3-none-any.whl", hash = "sha256:a8763e72d5d9574d45ce5881962bc8e9046bf7b375b0abf031f3e6811732a897"},
    {file = "mypy-1.3.0.tar.gz", hash = "sha256:e1f4d16e296f5135624b34e8fb741eb0eadedca90862405b1f1fde2040b9bd11"},
]

[package.dependencies]
mypy-extensions = ">=1.0.0"
tomli = {version = ">=1.1.0", markers = "python_version < \"3.11\""}
typing-extensions = ">=3.10"

[package.extras]
dmypy = ["psutil (>=4.0)"]
install-types = ["pip"]
python2 = ["typed-ast (>=1.4.0,<2)"]
reports = ["lxml"]

[[package]]
name = "mypy-extensions"
version = "1.0.0"
description = "Type system extensions for programs checked with the mypy type checker."
optional = false
python-versions = ">=3.5"
files = [
    {file = "mypy_extensions-1.0.0-py3-none-any.whl", hash = "sha256:4392f6c0eb8a5668a69e23d168ffa70f0be9ccfd32b5cc2d26a34ae5b844552d"},
    {file = "mypy_extensions-1.0.0.tar.gz", hash = "sha256:75dbf8955dc00442a438fc4d0666508a9a97b6bd41aa2f0ffe9d2f2725af0782"},
]

[[package]]
name = "packaging"
version = "23.1"
description = "Core utilities for Python packages"
optional = false
python-versions = ">=3.7"
files = [
    {file = "packaging-23.1-py3-none-any.whl", hash = "sha256:994793af429502c4ea2ebf6bf664629d07c1a9fe974af92966e4b8d2df7edc61"},
    {file = "packaging-23.1.tar.gz", hash = "sha256:a392980d2b6cffa644431898be54b0045151319d1e7ec34f0cfed48767dd334f"},
]

[[package]]
name = "pathspec"
version = "0.11.1"
description = "Utility library for gitignore style pattern matching of file paths."
optional = false
python-versions = ">=3.7"
files = [
    {file = "pathspec-0.11.1-py3-none-any.whl", hash = "sha256:d8af70af76652554bd134c22b3e8a1cc46ed7d91edcdd721ef1a0c51a84a5293"},
    {file = "pathspec-0.11.1.tar.gz", hash = "sha256:2798de800fa92780e33acca925945e9a19a133b715067cf165b8866c15a31687"},
]

[[package]]
name = "platformdirs"
version = "3.5.1"
description = "A small Python package for determining appropriate platform-specific dirs, e.g. a \"user data dir\"."
optional = false
python-versions = ">=3.7"
files = [
    {file = "platformdirs-3.5.1-py3-none-any.whl", hash = "sha256:e2378146f1964972c03c085bb5662ae80b2b8c06226c54b2ff4aa9483e8a13a5"},
    {file = "platformdirs-3.5.1.tar.gz", hash = "sha256:412dae91f52a6f84830f39a8078cecd0e866cb72294a5c66808e74d5e88d251f"},
]

[package.extras]
docs = ["furo (>=2023.3.27)", "proselint (>=0.13)", "sphinx (>=6.2.1)", "sphinx-autodoc-typehints (>=1.23,!=1.23.4)"]
test = ["appdirs (==1.4.4)", "covdefaults (>=2.3)", "pytest (>=7.3.1)", "pytest-cov (>=4)", "pytest-mock (>=3.10)"]

[[package]]
name = "pluggy"
version = "1.0.0"
description = "plugin and hook calling mechanisms for python"
optional = false
python-versions = ">=3.6"
files = [
    {file = "pluggy-1.0.0-py2.py3-none-any.whl", hash = "sha256:74134bbf457f031a36d68416e1509f34bd5ccc019f0bcc952c7b909d06b37bd3"},
    {file = "pluggy-1.0.0.tar.gz", hash = "sha256:4224373bacce55f955a878bf9cfa763c1e360858e330072059e10bad68531159"},
]

[package.extras]
dev = ["pre-commit", "tox"]
testing = ["pytest", "pytest-benchmark"]

[[package]]
name = "pytest"
version = "7.3.1"
description = "pytest: simple powerful testing with Python"
optional = false
python-versions = ">=3.7"
files = [
    {file = "pytest-7.3.1-py3-none-any.whl", hash = "sha256:3799fa815351fea3a5e96ac7e503a96fa51cc9942c3753cda7651b93c1cfa362"},
    {file = "pytest-7.3.1.tar.gz", hash = "sha256:434afafd78b1d78ed0addf160ad2b77a30d35d4bdf8af234fe621919d9ed15e3"},
]

[package.dependencies]
colorama = {version = "*", markers = "sys_platform == \"win32\""}
exceptiongroup = {version = ">=1.0.0rc8", markers = "python_version < \"3.11\""}
iniconfig = "*"
packaging = "*"
pluggy = ">=0.12,<2.0"
tomli = {version = ">=1.0.0", markers = "python_version < \"3.11\""}

[package.extras]
testing = ["argcomplete", "attrs (>=19.2.0)", "hypothesis (>=3.56)", "mock", "nose", "pygments (>=2.7.2)", "requests", "xmlschema"]

[[package]]
name = "ruff"
version = "0.0.270"
description = "An extremely fast Python linter, written in Rust."
optional = false
python-versions = ">=3.7"
files = [
    {file = "ruff-0.0.270-py3-none-macosx_10_7_x86_64.whl", hash = "sha256:f74c4d550f7b8e808455ac77bbce38daafc458434815ba0bc21ae4bdb276509b"},
    {file = "ruff-0.0.270-py3-none-macosx_10_9_x86_64.macosx_11_0_arm64.macosx_10_9_universal2.whl", hash = "sha256:643de865fd35cb76c4f0739aea5afe7b8e4d40d623df7e9e6ea99054e5cead0a"},
    {file = "ruff-0.0.270-py3-none-manylinux_2_17_aarch64.manylinux2014_aarch64.whl", hash = "sha256:eca02e709b3308eb7255b5f74e779be23b5980fca3862eae28bb23069cd61ae4"},
    {file = "ruff-0.0.270-py3-none-manylinux_2_17_armv7l.manylinux2014_armv7l.whl", hash = "sha256:3ed3b198768d2b3a2300fb18f730cd39948a5cc36ba29ae9d4639a11040880be"},
    {file = "ruff-0.0.270-py3-none-manylinux_2_17_i686.manylinux2014_i686.whl", hash = "sha256:739495d2dbde87cf4e3110c8d27bc20febf93112539a968a4e02c26f0deccd1d"},
    {file = "ruff-0.0.270-py3-none-manylinux_2_17_ppc64.manylinux2014_ppc64.whl", hash = "sha256:08188f8351f4c0b6216e8463df0a76eb57894ca59a3da65e4ed205db980fd3ae"},
    {file = "ruff-0.0.270-py3-none-manylinux_2_17_ppc64le.manylinux2014_ppc64le.whl", hash = "sha256:0827b074635d37984fc98d99316bfab5c8b1231bb83e60dacc83bd92883eedb4"},
    {file = "ruff-0.0.270-py3-none-manylinux_2_17_s390x.manylinux2014_s390x.whl", hash = "sha256:0d61ae4841313f6eeb8292dc349bef27b4ce426e62c36e80ceedc3824e408734"},
    {file = "ruff-0.0.270-py3-none-manylinux_2_17_x86_64.manylinux2014_x86_64.whl", hash = "sha256:0eb412f20e77529a01fb94d578b19dcb8331b56f93632aa0cce4a2ea27b7aeba"},
    {file = "ruff-0.0.270-py3-none-musllinux_1_2_aarch64.whl", hash = "sha256:b775e2c5fc869359daf8c8b8aa0fd67240201ab2e8d536d14a0edf279af18786"},
    {file = "ruff-0.0.270-py3-none-musllinux_1_2_armv7l.whl", hash = "sha256:21f00e47ab2308617c44435c8dfd9e2e03897461c9e647ec942deb2a235b4cfd"},
    {file = "ruff-0.0.270-py3-none-musllinux_1_2_i686.whl", hash = "sha256:0bbfbf6fd2436165566ca85f6e57be03ed2f0a994faf40180cfbb3604c9232ef"},
    {file = "ruff-0.0.270-py3-none-musllinux_1_2_x86_64.whl", hash = "sha256:8af391ef81f7be960be10886a3c1aac0b298bde7cb9a86ec2b05faeb2081ce6b"},
    {file = "ruff-0.0.270-py3-none-win32.whl", hash = "sha256:b4c037fe2f75bcd9aed0c89c7c507cb7fa59abae2bd4c8b6fc331a28178655a4"},
    {file = "ruff-0.0.270-py3-none-win_amd64.whl", hash = "sha256:0012f9b7dc137ab7f1f0355e3c4ca49b562baf6c9fa1180948deeb6648c52957"},
    {file = "ruff-0.0.270-py3-none-win_arm64.whl", hash = "sha256:9613456b0b375766244c25045e353bc8890c856431cd97893c97b10cc93bd28d"},
    {file = "ruff-0.0.270.tar.gz", hash = "sha256:95db07b7850b30ebf32b27fe98bc39e0ab99db3985edbbf0754d399eb2f0e690"},
]

[[package]]
name = "tomli"
version = "2.0.1"
description = "A lil' TOML parser"
optional = false
python-versions = ">=3.7"
files = [
    {file = "tomli-2.0.1-py3-none-any.whl", hash = "sha256:939de3e7a6161af0c887ef91b7d41a53e7c5a1ca976325f429cb46ea9bc30ecc"},
    {file = "tomli-2.0.1.tar.gz", hash = "sha256:de526c12914f0c550d15924c62d72abc48d6fe7364aa87328337a31007fe8a4f"},
]

[[package]]
name = "tree-sitter"
version = "0.20.1"
description = "Python bindings to the Tree-sitter parsing library"
optional = false
python-versions = ">=3.3"
files = [
    {file = "tree_sitter-0.20.1-cp39-cp39-macosx_12_0_arm64.whl", hash = "sha256:6f11a1fd909dcf569e7b1d98861a837436799e757bbbc5cd5280989050929e12"},
    {file = "tree_sitter-0.20.1.tar.gz", hash = "sha256:e93f082c545d6649bcfb5d681ed255eb004a6ce22988971a128f40692feec60d"},
]

[[package]]
name = "tree-sitter-languages"
version = "1.5.0"
description = "Binary Python wheels for all tree sitter languages."
optional = false
python-versions = "*"
files = [
    {file = "tree_sitter_languages-1.5.0-cp310-cp310-macosx_10_9_x86_64.whl", hash = "sha256:2a775bc46f68e53449fa80623372ad4ea7f7e4c4680a3a1ca96b6b005043fc93"},
    {file = "tree_sitter_languages-1.5.0-cp310-cp310-macosx_11_0_arm64.whl", hash = "sha256:43d0847fb6bdfa9a9f8ea46b417c0302aed424ff1de63ceb78b602d2d6064d99"},
    {file = "tree_sitter_languages-1.5.0-cp310-cp310-manylinux_2_17_i686.manylinux2014_i686.whl", hash = "sha256:5ae08d4b3172646b8465cbd54a0e9c5cd43b01ac1e8386c5981d25c24c1a7c7f"},
    {file = "tree_sitter_languages-1.5.0-cp310-cp310-manylinux_2_17_x86_64.manylinux2014_x86_64.whl", hash = "sha256:e3c0fc99e58bbeef32b1e8674cddf3f86f621a99791cfabfa221e706c44b2258"},
    {file = "tree_sitter_languages-1.5.0-cp310-cp310-musllinux_1_1_i686.whl", hash = "sha256:b6661de64793eff753e6825d021bb2b5979faa138a82e971c285af8431d1c70b"},
    {file = "tree_sitter_languages-1.5.0-cp310-cp310-musllinux_1_1_x86_64.whl", hash = "sha256:90ccf1f761b5b15ec0150e831e21c7324b8ed9f044983706450fb5501c2e3acd"},
    {file = "tree_sitter_languages-1.5.0-cp310-cp310-win32.whl", hash = "sha256:317357c8074993a22693ecf10c459f50d051fe122e974e4ba11a320db875c523"},
    {file = "tree_sitter_languages-1.5.0-cp310-cp310-win_amd64.whl", hash = "sha256:9331d14ed89cfb7dab3df724922be16b65db1841de28cc0c55d4262a49a74b90"},
    {file = "tree_sitter_languages-1.5.0-cp311-cp311-macosx_10_9_x86_64.whl", hash = "sha256:f8ba0983cb6b4a1c98e773d5c14e08e873d62a331e4fd0de4e792060f190a857"},
    {file = "tree_sitter_languages-1.5.0-cp311-cp311-macosx_11_0_arm64.whl", hash = "sha256:372ceb9f08ff87417b01d75a169759439f059daa5e3ea632e90eb1a2020f24a3"},
    {file = "tree_sitter_languages-1.5.0-cp311-cp311-manylinux_2_17_i686.manylinux2014_i686.whl", hash = "sha256:23fb9ffede1f4514d4a88854a0838774c3a153a042abd147dc2704ccdcf668fe"},
    {file = "tree_sitter_languages-1.5.0-cp311-cp311-manylinux_2_17_x86_64.manylinux2014_x86_64.whl", hash = "sha256:ba420903beb191cfc7ca850edf494c02a7ffc14b3ab86577bac887284c659276"},
    {file = "tree_sitter_languages-1.5.0-cp311-cp311-musllinux_1_1_i686.whl", hash = "sha256:0d1b4efc26e831994066572af3f0a6fcd58e470b297dad72e28a79fa04ecb1f3"},
    {file = "tree_sitter_languages-1.5.0-cp311-cp311-musllinux_1_1_x86_64.whl", hash = "sha256:06b95f4b008848d06e41d4054714e59e2b636a258639b33d323e3247a88360c9"},
    {file = "tree_sitter_languages-1.5.0-cp311-cp311-win32.whl", hash = "sha256:5d986dbcc29778a11984acca794c998a1d5ea48b5484fe9c033626a8af1b8620"},
    {file = "tree_sitter_languages-1.5.0-cp311-cp311-win_amd64.whl", hash = "sha256:7379aafd27377f43565d2987ed0f97b494fc4006e23b5f2b56f2a0798819bd70"},
    {file = "tree_sitter_languages-1.5.0-cp36-cp36m-macosx_10_9_x86_64.whl", hash = "sha256:2f86b832bb295c8e87e97836b884bb6467dc21316a5982e91f36bc8605e80fcf"},
    {file = "tree_sitter_languages-1.5.0-cp36-cp36m-manylinux_2_17_i686.manylinux2014_i686.whl", hash = "sha256:0d032683ffe33ed8efe655b63667139e34566ced79719ac4c93766ca2bb94f3b"},
    {file = "tree_sitter_languages-1.5.0-cp36-cp36m-manylinux_2_17_x86_64.manylinux2014_x86_64.whl", hash = "sha256:d2f14302b1cf2aed5e874d9a620aca3551492255ffd1d169d9d851f7d3e86627"},
    {file = "tree_sitter_languages-1.5.0-cp36-cp36m-musllinux_1_1_i686.whl", hash = "sha256:91f138c21923079725c3492a0da6a55d26020cb623c1a4c3d8a877ab42f80858"},
    {file = "tree_sitter_languages-1.5.0-cp36-cp36m-musllinux_1_1_x86_64.whl", hash = "sha256:f9a4cb73441402e450ee6bfadc5371de013d9b417ef414fd7132fc7e94d1216d"},
    {file = "tree_sitter_languages-1.5.0-cp36-cp36m-win32.whl", hash = "sha256:e3ad41e7502a1b9f85572972c1264c6854fcedf466dc7f042585ef38138a9a52"},
    {file = "tree_sitter_languages-1.5.0-cp36-cp36m-win_amd64.whl", hash = "sha256:d862d0e1643e9416a7b97b8b5b7e56276817c068b6e7c2708a360e2fc9a5fb1e"},
    {file = "tree_sitter_languages-1.5.0-cp37-cp37m-macosx_10_9_x86_64.whl", hash = "sha256:3376d072437b9e051b7b376fd1fac5f9de39212acf54061af79fcedcd9fc2aee"},
    {file = "tree_sitter_languages-1.5.0-cp37-cp37m-manylinux_2_17_i686.manylinux2014_i686.whl", hash = "sha256:e7866e17a4283895a762c8bb50ad09b915c65ff0cc347df177c4d3acee554605"},
    {file = "tree_sitter_languages-1.5.0-cp37-cp37m-manylinux_2_17_x86_64.manylinux2014_x86_64.whl", hash = "sha256:2e972813dd6e7f11ab012cda71440681b875f057bd2a9745f5ddb2115f1c43a3"},
    {file = "tree_sitter_languages-1.5.0-cp37-cp37m-musllinux_1_1_i686.whl", hash = "sha256:6bd0e4b01437654fca9b5c46000b3a5c5a923bc37056124e979f5f54aa467487"},
    {file = "tree_sitter_languages-1.5.0-cp37-cp37m-musllinux_1_1_x86_64.whl", hash = "sha256:d25c17c282412c5731d1df415d0aafc33ab25285996faa7bcba9cd8a4e515773"},
    {file = "tree_sitter_languages-1.5.0-cp37-cp37m-win32.whl", hash = "sha256:8d10e707c699876dee0cb2400fbdd77573d5296f580423df2f5b5b2939f1f63b"},
    {file = "tree_sitter_languages-1.5.0-cp37-cp37m-win_amd64.whl", hash = "sha256:0e103d9da5464950128ddf9ed28c9b145dd3ca3a176abe4275b2a6cd72acec1b"},
    {file = "tree_sitter_languages-1.5.0-cp38-cp38-macosx_10_9_x86_64.whl", hash = "sha256:0dff1ed857064cdb3cf19fc2b2b0ea08f4183ffab5d26e8b31334dbb023b3102"},
    {file = "tree_sitter_languages-1.5.0-cp38-cp38-macosx_11_0_arm64.whl", hash = "sha256:7d4671948b6b5578e9a8ea959b17abacc27eb82489ab5ac20c9f11c43dc66990"},
    {file = "tree_sitter_languages-1.5.0-cp38-cp38-manylinux_2_17_i686.manylinux2014_i686.whl", hash = "sha256:4d45fa413cefcea1ae4db347b373354968fa8b521dec56929114c7dceace743c"},
    {file = "tree_sitter_languages-1.5.0-cp38-cp38-manylinux_2_17_x86_64.manylinux2014_x86_64.whl", hash = "sha256:e4c057bf04874ede8c13a0f59a9e20b2800a5c9ada460130a92aa1435d0a8fd1"},
    {file = "tree_sitter_languages-1.5.0-cp38-cp38-musllinux_1_1_i686.whl", hash = "sha256:c704abff1fe0e0e6c8791753b80d054fd853c98f55fcc465d97cd86f6d98a034"},
    {file = "tree_sitter_languages-1.5.0-cp38-cp38-musllinux_1_1_x86_64.whl", hash = "sha256:81bd3fdd45668ddccb31cc56e58388c11aff4914a6258798002e6aaba60d3a65"},
    {file = "tree_sitter_languages-1.5.0-cp38-cp38-win32.whl", hash = "sha256:1b169ec04fd637742d474d8bb63762d806e76f1cb84ccc5b9eee1f9bd8dac920"},
    {file = "tree_sitter_languages-1.5.0-cp38-cp38-win_amd64.whl", hash = "sha256:f0aea9e1238e2ec6a045a523f15408d8e31440cfe87a187488ec72fb45af9dc4"},
    {file = "tree_sitter_languages-1.5.0-cp39-cp39-macosx_10_9_x86_64.whl", hash = "sha256:17b8bf683834ad963c4f601631d4eb3efd763336e63153dbe115eda14b5914c8"},
    {file = "tree_sitter_languages-1.5.0-cp39-cp39-macosx_11_0_arm64.whl", hash = "sha256:b236c03b414588438f240684181bb890177105cbcd065fdb04e455be055333a3"},
    {file = "tree_sitter_languages-1.5.0-cp39-cp39-manylinux_2_17_i686.manylinux2014_i686.whl", hash = "sha256:8e114cb1c1203f788fa666af407fc780011daef6386717ed616efbbd9e5c3c9f"},
    {file = "tree_sitter_languages-1.5.0-cp39-cp39-manylinux_2_17_x86_64.manylinux2014_x86_64.whl", hash = "sha256:d44103f3c960eae5675548ce39b75ab272cae1a119970d8f269fc6dfccd66f59"},
    {file = "tree_sitter_languages-1.5.0-cp39-cp39-musllinux_1_1_i686.whl", hash = "sha256:e2700b9fd50c996d5fd8b824933f9f4f2497c27eb2bf8e8b81e32d1ed4500f3d"},
    {file = "tree_sitter_languages-1.5.0-cp39-cp39-musllinux_1_1_x86_64.whl", hash = "sha256:a8a668e006b6f932494e5a72e0ecb3790f6ad1fe813b4aa36a6962eb7136a420"},
    {file = "tree_sitter_languages-1.5.0-cp39-cp39-win32.whl", hash = "sha256:49397831dfb3d20fbbcaf9250194bd45284463f929f79ee97dee1f17f64f211a"},
    {file = "tree_sitter_languages-1.5.0-cp39-cp39-win_amd64.whl", hash = "sha256:4656e706a9fcf77f14d6d80a93d44ba52c8820630fe2b7089b2c9a09819f0a10"},
]

[package.dependencies]
tree-sitter = "*"

[[package]]
name = "typing-extensions"
version = "4.6.2"
description = "Backported and Experimental Type Hints for Python 3.7+"
optional = false
python-versions = ">=3.7"
files = [
    {file = "typing_extensions-4.6.2-py3-none-any.whl", hash = "sha256:3a8b36f13dd5fdc5d1b16fe317f5668545de77fa0b8e02006381fd49d731ab98"},
    {file = "typing_extensions-4.6.2.tar.gz", hash = "sha256:06006244c70ac8ee83fa8282cb188f697b8db25bc8b4df07be1873c43897060c"},
]

[metadata]
lock-version = "2.0"
python-versions = "^3.8"
content-hash = "3bae07f9b64a6c8e67b74506e786b9f0bccab90808f75e07c50b2c6fa37dea58"
